
Microsoft Visual Studio Solution File, Format Version 12.00
# Visual Studio Version 16
VisualStudioVersion = 16.0.29519.87
MinimumVisualStudioVersion = 10.0.40219.1
Project("{FAE04EC0-301F-11D3-BF4B-00C04F79EFBC}") = "OpenOutputFolder", "OpenOutputFolder\OpenOutputFolder.csproj", "{567136A3-8E28-437D-9D99-469AE953DE1B}"
EndProject
Project("{2150E333-8FDC-42A3-9474-1A3956D46DE8}") = "Solution Items", "Solution Items", "{593144FA-E5F7-49ED-B199-95614C9462E1}"
	ProjectSection(SolutionItems) = preProject
		.gitignore = .gitignore
		appveyor.yml = appveyor.yml
		license.txt = license.txt
		README.md = README.md
	EndProjectSection
EndProject
Global
	GlobalSection(SolutionConfigurationPlatforms) = preSolution
		Debug|Any CPU = Debug|Any CPU
		Release|Any CPU = Release|Any CPU
	EndGlobalSection
	GlobalSection(ProjectConfigurationPlatforms) = postSolution
		{567136A3-8E28-437D-9D99-469AE953DE1B}.Debug|Any CPU.ActiveCfg = Debug|Any CPU
		{567136A3-8E28-437D-9D99-469AE953DE1B}.Debug|Any CPU.Build.0 = Debug|Any CPU
		{567136A3-8E28-437D-9D99-469AE953DE1B}.Release|Any CPU.ActiveCfg = Release|Any CPU
		{567136A3-8E28-437D-9D99-469AE953DE1B}.Release|Any CPU.Build.0 = Release|Any CPU
	EndGlobalSection
	GlobalSection(SolutionProperties) = preSolution
		HideSolutionNode = FALSE
	EndGlobalSection
	GlobalSection(ExtensibilityGlobals) = postSolution
		SolutionGuid = {85DB50A0-0DC8-483B-AE2B-1DB51A0D7146}
	EndGlobalSection
EndGlobal
